
Microsoft Visual Studio Solution File, Format Version 12.00
# Visual Studio 15
VisualStudioVersion = 15.0.27004.2002
MinimumVisualStudioVersion = 10.0.40219.1
Project("{2150E333-8FDC-42A3-9474-1A3956D46DE8}") = "src", "src", "{7037F0CE-E070-4028-98B7-9491FE69201A}"
EndProject
Project("{FAE04EC0-301F-11D3-BF4B-00C04F79EFBC}") = "AspectCore.APM.Redis", "src\AspectCore.APM.Redis\AspectCore.APM.Redis.csproj", "{8573EFED-4E0C-4783-B501-5F0D846995DC}"
EndProject
Global
	GlobalSection(SolutionConfigurationPlatforms) = preSolution
		Debug|Any CPU = Debug|Any CPU
		Release|Any CPU = Release|Any CPU
	EndGlobalSection
	GlobalSection(ProjectConfigurationPlatforms) = postSolution
		{8573EFED-4E0C-4783-B501-5F0D846995DC}.Debug|Any CPU.ActiveCfg = Debug|Any CPU
		{8573EFED-4E0C-4783-B501-5F0D846995DC}.Debug|Any CPU.Build.0 = Debug|Any CPU
		{8573EFED-4E0C-4783-B501-5F0D846995DC}.Release|Any CPU.ActiveCfg = Release|Any CPU
		{8573EFED-4E0C-4783-B501-5F0D846995DC}.Release|Any CPU.Build.0 = Release|Any CPU
	EndGlobalSection
	GlobalSection(SolutionProperties) = preSolution
		HideSolutionNode = FALSE
	EndGlobalSection
	GlobalSection(NestedProjects) = preSolution
		{8573EFED-4E0C-4783-B501-5F0D846995DC} = {7037F0CE-E070-4028-98B7-9491FE69201A}
	EndGlobalSection
	GlobalSection(ExtensibilityGlobals) = postSolution
		SolutionGuid = {3762C3AE-0522-4F7B-A1CA-D5527F797D3D}
	EndGlobalSection
EndGlobal
