
Microsoft Visual Studio Solution File, Format Version 12.00
# Visual Studio 15
VisualStudioVersion = 15.0.27004.2002
MinimumVisualStudioVersion = 10.0.40219.1
Project("{2150E333-8FDC-42A3-9474-1A3956D46DE8}") = "src", "src", "{7037F0CE-E070-4028-98B7-9491FE69201A}"
EndProject
Project("{9A19103F-16F7-4668-BE54-9A1E7A4F7556}") = "AspectCore.APM.RedisProfiler", "src\AspectCore.APM.RedisProfiler\AspectCore.APM.RedisProfiler.csproj", "{F334DE99-6D11-4C00-AF2A-D9584C7E4AEB}"
EndProject
Project("{9A19103F-16F7-4668-BE54-9A1E7A4F7556}") = "AspectCore.APM.Abstractions", "src\AspectCore.APM.Abstractions\AspectCore.APM.Abstractions.csproj", "{70B747A2-FD56-4AD8-91E7-3964ACB8F8E4}"
EndProject
Project("{9A19103F-16F7-4668-BE54-9A1E7A4F7556}") = "AspectCore.APM.LineProtocolCollector", "src\AspectCore.APM.LineProtocolCollector\AspectCore.APM.LineProtocolCollector.csproj", "{EF935C75-348D-4C28-B2A6-B7226FBA6454}"
EndProject
Project("{9A19103F-16F7-4668-BE54-9A1E7A4F7556}") = "AspectCore.APM.AspNetCore", "src\AspectCore.APM.AspNetCore\AspectCore.APM.AspNetCore.csproj", "{027CFBB4-2A19-4304-B768-63F9048164A1}"
EndProject
Project("{9A19103F-16F7-4668-BE54-9A1E7A4F7556}") = "AspectCore.APM.HttpProfiler", "src\AspectCore.APM.HttpProfiler\AspectCore.APM.HttpProfiler.csproj", "{BB3D8ABC-2452-4CBA-BD90-60D73D5BB60C}"
EndProject
Project("{2150E333-8FDC-42A3-9474-1A3956D46DE8}") = "sample", "sample", "{FE888F42-42DA-4753-8D6B-8949F22567EE}"
EndProject
Project("{9A19103F-16F7-4668-BE54-9A1E7A4F7556}") = "AspectCore.APM.AspNetCore.Sample", "sample\AspectCore.APM.AspNetCore.Sample\AspectCore.APM.AspNetCore.Sample.csproj", "{2B7CD30F-88FD-49D6-8A95-496658AFBC2C}"
EndProject
Project("{9A19103F-16F7-4668-BE54-9A1E7A4F7556}") = "AspectCore.APM.ApplicationProfiler", "src\AspectCore.APM.ApplicationProfiler\AspectCore.APM.ApplicationProfiler.csproj", "{9A340D5D-60D4-45D0-B3CE-E3BC77EC7441}"
EndProject
Project("{FAE04EC0-301F-11D3-BF4B-00C04F79EFBC}") = "AspectCore.APM.Console.Sample", "sample\AspectCore.APM.Console.Sample\AspectCore.APM.Console.Sample.csproj", "{8B8AF3E5-A6C8-406E-A64B-2473AAA0637B}"
EndProject
Global
	GlobalSection(SolutionConfigurationPlatforms) = preSolution
		Debug|Any CPU = Debug|Any CPU
		Release|Any CPU = Release|Any CPU
	EndGlobalSection
	GlobalSection(ProjectConfigurationPlatforms) = postSolution
		{F334DE99-6D11-4C00-AF2A-D9584C7E4AEB}.Debug|Any CPU.ActiveCfg = Debug|Any CPU
		{F334DE99-6D11-4C00-AF2A-D9584C7E4AEB}.Debug|Any CPU.Build.0 = Debug|Any CPU
		{F334DE99-6D11-4C00-AF2A-D9584C7E4AEB}.Release|Any CPU.ActiveCfg = Release|Any CPU
		{F334DE99-6D11-4C00-AF2A-D9584C7E4AEB}.Release|Any CPU.Build.0 = Release|Any CPU
		{70B747A2-FD56-4AD8-91E7-3964ACB8F8E4}.Debug|Any CPU.ActiveCfg = Debug|Any CPU
		{70B747A2-FD56-4AD8-91E7-3964ACB8F8E4}.Debug|Any CPU.Build.0 = Debug|Any CPU
		{70B747A2-FD56-4AD8-91E7-3964ACB8F8E4}.Release|Any CPU.ActiveCfg = Release|Any CPU
		{70B747A2-FD56-4AD8-91E7-3964ACB8F8E4}.Release|Any CPU.Build.0 = Release|Any CPU
		{EF935C75-348D-4C28-B2A6-B7226FBA6454}.Debug|Any CPU.ActiveCfg = Debug|Any CPU
		{EF935C75-348D-4C28-B2A6-B7226FBA6454}.Debug|Any CPU.Build.0 = Debug|Any CPU
		{EF935C75-348D-4C28-B2A6-B7226FBA6454}.Release|Any CPU.ActiveCfg = Release|Any CPU
		{EF935C75-348D-4C28-B2A6-B7226FBA6454}.Release|Any CPU.Build.0 = Release|Any CPU
		{027CFBB4-2A19-4304-B768-63F9048164A1}.Debug|Any CPU.ActiveCfg = Debug|Any CPU
		{027CFBB4-2A19-4304-B768-63F9048164A1}.Debug|Any CPU.Build.0 = Debug|Any CPU
		{027CFBB4-2A19-4304-B768-63F9048164A1}.Release|Any CPU.ActiveCfg = Release|Any CPU
		{027CFBB4-2A19-4304-B768-63F9048164A1}.Release|Any CPU.Build.0 = Release|Any CPU
		{BB3D8ABC-2452-4CBA-BD90-60D73D5BB60C}.Debug|Any CPU.ActiveCfg = Debug|Any CPU
		{BB3D8ABC-2452-4CBA-BD90-60D73D5BB60C}.Debug|Any CPU.Build.0 = Debug|Any CPU
		{BB3D8ABC-2452-4CBA-BD90-60D73D5BB60C}.Release|Any CPU.ActiveCfg = Release|Any CPU
		{BB3D8ABC-2452-4CBA-BD90-60D73D5BB60C}.Release|Any CPU.Build.0 = Release|Any CPU
		{2B7CD30F-88FD-49D6-8A95-496658AFBC2C}.Debug|Any CPU.ActiveCfg = Debug|Any CPU
		{2B7CD30F-88FD-49D6-8A95-496658AFBC2C}.Debug|Any CPU.Build.0 = Debug|Any CPU
		{2B7CD30F-88FD-49D6-8A95-496658AFBC2C}.Release|Any CPU.ActiveCfg = Release|Any CPU
		{2B7CD30F-88FD-49D6-8A95-496658AFBC2C}.Release|Any CPU.Build.0 = Release|Any CPU
		{9A340D5D-60D4-45D0-B3CE-E3BC77EC7441}.Debug|Any CPU.ActiveCfg = Debug|Any CPU
		{9A340D5D-60D4-45D0-B3CE-E3BC77EC7441}.Debug|Any CPU.Build.0 = Debug|Any CPU
		{9A340D5D-60D4-45D0-B3CE-E3BC77EC7441}.Release|Any CPU.ActiveCfg = Release|Any CPU
		{9A340D5D-60D4-45D0-B3CE-E3BC77EC7441}.Release|Any CPU.Build.0 = Release|Any CPU
		{8B8AF3E5-A6C8-406E-A64B-2473AAA0637B}.Debug|Any CPU.ActiveCfg = Debug|Any CPU
		{8B8AF3E5-A6C8-406E-A64B-2473AAA0637B}.Debug|Any CPU.Build.0 = Debug|Any CPU
		{8B8AF3E5-A6C8-406E-A64B-2473AAA0637B}.Release|Any CPU.ActiveCfg = Release|Any CPU
		{8B8AF3E5-A6C8-406E-A64B-2473AAA0637B}.Release|Any CPU.Build.0 = Release|Any CPU
	EndGlobalSection
	GlobalSection(SolutionProperties) = preSolution
		HideSolutionNode = FALSE
	EndGlobalSection
	GlobalSection(NestedProjects) = preSolution
		{F334DE99-6D11-4C00-AF2A-D9584C7E4AEB} = {7037F0CE-E070-4028-98B7-9491FE69201A}
		{70B747A2-FD56-4AD8-91E7-3964ACB8F8E4} = {7037F0CE-E070-4028-98B7-9491FE69201A}
		{EF935C75-348D-4C28-B2A6-B7226FBA6454} = {7037F0CE-E070-4028-98B7-9491FE69201A}
		{027CFBB4-2A19-4304-B768-63F9048164A1} = {7037F0CE-E070-4028-98B7-9491FE69201A}
		{BB3D8ABC-2452-4CBA-BD90-60D73D5BB60C} = {7037F0CE-E070-4028-98B7-9491FE69201A}
		{2B7CD30F-88FD-49D6-8A95-496658AFBC2C} = {FE888F42-42DA-4753-8D6B-8949F22567EE}
		{9A340D5D-60D4-45D0-B3CE-E3BC77EC7441} = {7037F0CE-E070-4028-98B7-9491FE69201A}
		{8B8AF3E5-A6C8-406E-A64B-2473AAA0637B} = {FE888F42-42DA-4753-8D6B-8949F22567EE}
	EndGlobalSection
	GlobalSection(ExtensibilityGlobals) = postSolution
		SolutionGuid = {3762C3AE-0522-4F7B-A1CA-D5527F797D3D}
	EndGlobalSection
EndGlobal
