
Microsoft Visual Studio Solution File, Format Version 12.00
# Visual Studio 15
VisualStudioVersion = 15.0.27130.0
MinimumVisualStudioVersion = 10.0.40219.1
Project("{2150E333-8FDC-42A3-9474-1A3956D46DE8}") = "src", "src", "{60E5B67A-0F2D-4263-A126-98A05FEA8E47}"
EndProject
Project("{FAE04EC0-301F-11D3-BF4B-00C04F79EFBC}") = "Butterfly.Client", "src\Butterfly.Client\Butterfly.Client.csproj", "{8CCAA8EF-6315-48D9-81EA-2778FF63D0FF}"
EndProject
Project("{FAE04EC0-301F-11D3-BF4B-00C04F79EFBC}") = "Butterfly.Client.AspNetCore", "src\Butterfly.Client.AspNetCore\Butterfly.Client.AspNetCore.csproj", "{ED1E8B88-8B6E-4E36-BCCA-F6A61FF8019B}"
EndProject
Project("{2150E333-8FDC-42A3-9474-1A3956D46DE8}") = "sample", "sample", "{DC3BF245-DD53-4030-8C2C-2E7D32F0942C}"
EndProject
Project("{FAE04EC0-301F-11D3-BF4B-00C04F79EFBC}") = "Butterfly.Client.Sample.Frontend", "sample\Butterfly.Client.Sample.Frontend\Butterfly.Client.Sample.Frontend.csproj", "{70C89F17-3737-4ECB-B7E2-D57BFFD27E4D}"
EndProject
Project("{FAE04EC0-301F-11D3-BF4B-00C04F79EFBC}") = "Butterfly.Client.Sample.Backend", "sample\Butterfly.Client.Sample.Backend\Butterfly.Client.Sample.Backend.csproj", "{39D5F180-84EB-4C96-A00A-270965A3F0D6}"
EndProject
Project("{FAE04EC0-301F-11D3-BF4B-00C04F79EFBC}") = "Butterfly.OpenTracing", "src\Butterfly.OpenTracing\Butterfly.OpenTracing.csproj", "{05FCBDB6-F6C8-4435-B685-67F23B034C99}"
EndProject
Global
	GlobalSection(SolutionConfigurationPlatforms) = preSolution
		Debug|Any CPU = Debug|Any CPU
		Release|Any CPU = Release|Any CPU
	EndGlobalSection
	GlobalSection(ProjectConfigurationPlatforms) = postSolution
		{8CCAA8EF-6315-48D9-81EA-2778FF63D0FF}.Debug|Any CPU.ActiveCfg = Debug|Any CPU
		{8CCAA8EF-6315-48D9-81EA-2778FF63D0FF}.Debug|Any CPU.Build.0 = Debug|Any CPU
		{8CCAA8EF-6315-48D9-81EA-2778FF63D0FF}.Release|Any CPU.ActiveCfg = Release|Any CPU
		{8CCAA8EF-6315-48D9-81EA-2778FF63D0FF}.Release|Any CPU.Build.0 = Release|Any CPU
		{ED1E8B88-8B6E-4E36-BCCA-F6A61FF8019B}.Debug|Any CPU.ActiveCfg = Debug|Any CPU
		{ED1E8B88-8B6E-4E36-BCCA-F6A61FF8019B}.Debug|Any CPU.Build.0 = Debug|Any CPU
		{ED1E8B88-8B6E-4E36-BCCA-F6A61FF8019B}.Release|Any CPU.ActiveCfg = Release|Any CPU
		{ED1E8B88-8B6E-4E36-BCCA-F6A61FF8019B}.Release|Any CPU.Build.0 = Release|Any CPU
		{70C89F17-3737-4ECB-B7E2-D57BFFD27E4D}.Debug|Any CPU.ActiveCfg = Debug|Any CPU
		{70C89F17-3737-4ECB-B7E2-D57BFFD27E4D}.Debug|Any CPU.Build.0 = Debug|Any CPU
		{70C89F17-3737-4ECB-B7E2-D57BFFD27E4D}.Release|Any CPU.ActiveCfg = Release|Any CPU
		{70C89F17-3737-4ECB-B7E2-D57BFFD27E4D}.Release|Any CPU.Build.0 = Release|Any CPU
		{39D5F180-84EB-4C96-A00A-270965A3F0D6}.Debug|Any CPU.ActiveCfg = Debug|Any CPU
		{39D5F180-84EB-4C96-A00A-270965A3F0D6}.Debug|Any CPU.Build.0 = Debug|Any CPU
		{39D5F180-84EB-4C96-A00A-270965A3F0D6}.Release|Any CPU.ActiveCfg = Release|Any CPU
		{39D5F180-84EB-4C96-A00A-270965A3F0D6}.Release|Any CPU.Build.0 = Release|Any CPU
		{05FCBDB6-F6C8-4435-B685-67F23B034C99}.Debug|Any CPU.ActiveCfg = Debug|Any CPU
		{05FCBDB6-F6C8-4435-B685-67F23B034C99}.Debug|Any CPU.Build.0 = Debug|Any CPU
		{05FCBDB6-F6C8-4435-B685-67F23B034C99}.Release|Any CPU.ActiveCfg = Release|Any CPU
		{05FCBDB6-F6C8-4435-B685-67F23B034C99}.Release|Any CPU.Build.0 = Release|Any CPU
	EndGlobalSection
	GlobalSection(SolutionProperties) = preSolution
		HideSolutionNode = FALSE
	EndGlobalSection
	GlobalSection(NestedProjects) = preSolution
		{8CCAA8EF-6315-48D9-81EA-2778FF63D0FF} = {60E5B67A-0F2D-4263-A126-98A05FEA8E47}
		{ED1E8B88-8B6E-4E36-BCCA-F6A61FF8019B} = {60E5B67A-0F2D-4263-A126-98A05FEA8E47}
		{70C89F17-3737-4ECB-B7E2-D57BFFD27E4D} = {DC3BF245-DD53-4030-8C2C-2E7D32F0942C}
		{39D5F180-84EB-4C96-A00A-270965A3F0D6} = {DC3BF245-DD53-4030-8C2C-2E7D32F0942C}
		{05FCBDB6-F6C8-4435-B685-67F23B034C99} = {60E5B67A-0F2D-4263-A126-98A05FEA8E47}
	EndGlobalSection
	GlobalSection(ExtensibilityGlobals) = postSolution
		SolutionGuid = {5E1F027E-2094-4470-A38D-80F94C836A4C}
	EndGlobalSection
EndGlobal
