
Microsoft Visual Studio Solution File, Format Version 12.00
# Visual Studio 15
VisualStudioVersion = 15.0.27130.0
MinimumVisualStudioVersion = 10.0.40219.1
Project("{2150E333-8FDC-42A3-9474-1A3956D46DE8}") = "src", "src", "{60E5B67A-0F2D-4263-A126-98A05FEA8E47}"
EndProject
Project("{FAE04EC0-301F-11D3-BF4B-00C04F79EFBC}") = "Butterfly.Client", "src\Butterfly.Client\Butterfly.Client.csproj", "{C9F4079C-AA9B-4D25-A209-D11424694A04}"
EndProject
Global
	GlobalSection(SolutionConfigurationPlatforms) = preSolution
		Debug|Any CPU = Debug|Any CPU
		Release|Any CPU = Release|Any CPU
	EndGlobalSection
	GlobalSection(ProjectConfigurationPlatforms) = postSolution
		{C9F4079C-AA9B-4D25-A209-D11424694A04}.Debug|Any CPU.ActiveCfg = Debug|Any CPU
		{C9F4079C-AA9B-4D25-A209-D11424694A04}.Debug|Any CPU.Build.0 = Debug|Any CPU
		{C9F4079C-AA9B-4D25-A209-D11424694A04}.Release|Any CPU.ActiveCfg = Release|Any CPU
		{C9F4079C-AA9B-4D25-A209-D11424694A04}.Release|Any CPU.Build.0 = Release|Any CPU
	EndGlobalSection
	GlobalSection(SolutionProperties) = preSolution
		HideSolutionNode = FALSE
	EndGlobalSection
	GlobalSection(NestedProjects) = preSolution
		{C9F4079C-AA9B-4D25-A209-D11424694A04} = {60E5B67A-0F2D-4263-A126-98A05FEA8E47}
	EndGlobalSection
	GlobalSection(ExtensibilityGlobals) = postSolution
		SolutionGuid = {5E1F027E-2094-4470-A38D-80F94C836A4C}
	EndGlobalSection
EndGlobal
